// !$*UTF8*$!
{
	archiveVersion = 1;
	classes = {
	};
	objectVersion = 46;
	objects = {

/* Begin PBXBuildFile section */
		D2011DD81CCF6D2B00BC1B14 /* main.m in Sources */ = {isa = PBXBuildFile; fileRef = D2011DD71CCF6D2B00BC1B14 /* main.m */; };
		D2011DDB1CCF6D2B00BC1B14 /* AppDelegate.m in Sources */ = {isa = PBXBuildFile; fileRef = D2011DDA1CCF6D2B00BC1B14 /* AppDelegate.m */; };
		D2011DDE1CCF6D2B00BC1B14 /* ViewController.m in Sources */ = {isa = PBXBuildFile; fileRef = D2011DDD1CCF6D2B00BC1B14 /* ViewController.m */; };
		D2011DE11CCF6D2B00BC1B14 /* Main.storyboard in Resources */ = {isa = PBXBuildFile; fileRef = D2011DDF1CCF6D2B00BC1B14 /* Main.storyboard */; };
		D2011DE31CCF6D2B00BC1B14 /* Assets.xcassets in Resources */ = {isa = PBXBuildFile; fileRef = D2011DE21CCF6D2B00BC1B14 /* Assets.xcassets */; };
		D2011DE61CCF6D2B00BC1B14 /* LaunchScreen.storyboard in Resources */ = {isa = PBXBuildFile; fileRef = D2011DE41CCF6D2B00BC1B14 /* LaunchScreen.storyboard */; };
		D2011DF11CCF6D2B00BC1B14 /* AnYiAppFrameworkTests.m in Sources */ = {isa = PBXBuildFile; fileRef = D2011DF01CCF6D2B00BC1B14 /* AnYiAppFrameworkTests.m */; };
		D2011DFC1CCF6D2B00BC1B14 /* AnYiAppFrameworkUITests.m in Sources */ = {isa = PBXBuildFile; fileRef = D2011DFB1CCF6D2B00BC1B14 /* AnYiAppFrameworkUITests.m */; };
		D2011E111CCF6F0E00BC1B14 /* UIImage+Image.m in Sources */ = {isa = PBXBuildFile; fileRef = D2011E101CCF6F0E00BC1B14 /* UIImage+Image.m */; };
		D2011E181CCF72B500BC1B14 /* HXHomeViewController.m in Sources */ = {isa = PBXBuildFile; fileRef = D2011E171CCF72B500BC1B14 /* HXHomeViewController.m */; };
		D2011E1B1CCF72EF00BC1B14 /* HXProductListViewController.m in Sources */ = {isa = PBXBuildFile; fileRef = D2011E1A1CCF72EF00BC1B14 /* HXProductListViewController.m */; };
		D2011E1E1CCF72FE00BC1B14 /* HXProfileHomeViewController.m in Sources */ = {isa = PBXBuildFile; fileRef = D2011E1D1CCF72FE00BC1B14 /* HXProfileHomeViewController.m */; };
		D2011E211CCF730900BC1B14 /* HXMoreViewController.m in Sources */ = {isa = PBXBuildFile; fileRef = D2011E201CCF730900BC1B14 /* HXMoreViewController.m */; };
		D2011E7C1CD069FD00BC1B14 /* UIView+Frame.m in Sources */ = {isa = PBXBuildFile; fileRef = D2011E7B1CD069FD00BC1B14 /* UIView+Frame.m */; };
		D2011E891CD0905F00BC1B14 /* HXBadgeView.m in Sources */ = {isa = PBXBuildFile; fileRef = D2011E801CD0905F00BC1B14 /* HXBadgeView.m */; };
		D2011E8A1CD0905F00BC1B14 /* HXTabBar.m in Sources */ = {isa = PBXBuildFile; fileRef = D2011E821CD0905F00BC1B14 /* HXTabBar.m */; };
		D2011E8B1CD0905F00BC1B14 /* HXTabBarButton.m in Sources */ = {isa = PBXBuildFile; fileRef = D2011E841CD0905F00BC1B14 /* HXTabBarButton.m */; };
		D2011E8C1CD0905F00BC1B14 /* HXNavigationController.m in Sources */ = {isa = PBXBuildFile; fileRef = D2011E861CD0905F00BC1B14 /* HXNavigationController.m */; };
		D2011E8D1CD0905F00BC1B14 /* HXTabBarController.m in Sources */ = {isa = PBXBuildFile; fileRef = D2011E881CD0905F00BC1B14 /* HXTabBarController.m */; };
		D2B97E861CD7408B006D0E0F /* Podfile in Resources */ = {isa = PBXBuildFile; fileRef = D2B97E851CD7408B006D0E0F /* Podfile */; };
		D2B97E8A1CD8435B006D0E0F /* HXDataService.m in Sources */ = {isa = PBXBuildFile; fileRef = D2B97E891CD8435B006D0E0F /* HXDataService.m */; };
		D2B97E8F1CD88A26006D0E0F /* HXHttpTool.m in Sources */ = {isa = PBXBuildFile; fileRef = D2B97E8E1CD88A26006D0E0F /* HXHttpTool.m */; };
		F20B5640C32608D5FC99CFA5 /* libPods.a in Frameworks */ = {isa = PBXBuildFile; fileRef = 56B9F77686CA1812576A44C0 /* libPods.a */; };
/* End PBXBuildFile section */

/* Begin PBXContainerItemProxy section */
		D2011DED1CCF6D2B00BC1B14 /* PBXContainerItemProxy */ = {
			isa = PBXContainerItemProxy;
			containerPortal = D2011DCB1CCF6D2B00BC1B14 /* Project object */;
			proxyType = 1;
			remoteGlobalIDString = D2011DD21CCF6D2B00BC1B14;
			remoteInfo = AnYiAppFramework;
		};
		D2011DF81CCF6D2B00BC1B14 /* PBXContainerItemProxy */ = {
			isa = PBXContainerItemProxy;
			containerPortal = D2011DCB1CCF6D2B00BC1B14 /* Project object */;
			proxyType = 1;
			remoteGlobalIDString = D2011DD21CCF6D2B00BC1B14;
			remoteInfo = AnYiAppFramework;
		};
/* End PBXContainerItemProxy section */

/* Begin PBXFileReference section */
		183CFD695FEE9D91920BCC43 /* Pods.release.xcconfig */ = {isa = PBXFileReference; includeInIndex = 1; lastKnownFileType = text.xcconfig; name = Pods.release.xcconfig; path = "Pods/Target Support Files/Pods/Pods.release.xcconfig"; sourceTree = "<group>"; };
		37D82CC0A1AFD3850D075AC2 /* Pods.debug.xcconfig */ = {isa = PBXFileReference; includeInIndex = 1; lastKnownFileType = text.xcconfig; name = Pods.debug.xcconfig; path = "Pods/Target Support Files/Pods/Pods.debug.xcconfig"; sourceTree = "<group>"; };
		56B9F77686CA1812576A44C0 /* libPods.a */ = {isa = PBXFileReference; explicitFileType = archive.ar; includeInIndex = 0; path = libPods.a; sourceTree = BUILT_PRODUCTS_DIR; };
		D2011DD31CCF6D2B00BC1B14 /* AnYiAppFramework.app */ = {isa = PBXFileReference; explicitFileType = wrapper.application; includeInIndex = 0; path = AnYiAppFramework.app; sourceTree = BUILT_PRODUCTS_DIR; };
		D2011DD71CCF6D2B00BC1B14 /* main.m */ = {isa = PBXFileReference; lastKnownFileType = sourcecode.c.objc; path = main.m; sourceTree = "<group>"; };
		D2011DD91CCF6D2B00BC1B14 /* AppDelegate.h */ = {isa = PBXFileReference; lastKnownFileType = sourcecode.c.h; path = AppDelegate.h; sourceTree = "<group>"; };
		D2011DDA1CCF6D2B00BC1B14 /* AppDelegate.m */ = {isa = PBXFileReference; lastKnownFileType = sourcecode.c.objc; path = AppDelegate.m; sourceTree = "<group>"; };
		D2011DDC1CCF6D2B00BC1B14 /* ViewController.h */ = {isa = PBXFileReference; lastKnownFileType = sourcecode.c.h; path = ViewController.h; sourceTree = "<group>"; };
		D2011DDD1CCF6D2B00BC1B14 /* ViewController.m */ = {isa = PBXFileReference; lastKnownFileType = sourcecode.c.objc; path = ViewController.m; sourceTree = "<group>"; };
		D2011DE01CCF6D2B00BC1B14 /* Base */ = {isa = PBXFileReference; lastKnownFileType = file.storyboard; name = Base; path = Base.lproj/Main.storyboard; sourceTree = "<group>"; };
		D2011DE21CCF6D2B00BC1B14 /* Assets.xcassets */ = {isa = PBXFileReference; lastKnownFileType = folder.assetcatalog; path = Assets.xcassets; sourceTree = "<group>"; };
		D2011DE51CCF6D2B00BC1B14 /* Base */ = {isa = PBXFileReference; lastKnownFileType = file.storyboard; name = Base; path = Base.lproj/LaunchScreen.storyboard; sourceTree = "<group>"; };
		D2011DE71CCF6D2B00BC1B14 /* Info.plist */ = {isa = PBXFileReference; lastKnownFileType = text.plist.xml; path = Info.plist; sourceTree = "<group>"; };
		D2011DEC1CCF6D2B00BC1B14 /* AnYiAppFrameworkTests.xctest */ = {isa = PBXFileReference; explicitFileType = wrapper.cfbundle; includeInIndex = 0; path = AnYiAppFrameworkTests.xctest; sourceTree = BUILT_PRODUCTS_DIR; };
		D2011DF01CCF6D2B00BC1B14 /* AnYiAppFrameworkTests.m */ = {isa = PBXFileReference; lastKnownFileType = sourcecode.c.objc; path = AnYiAppFrameworkTests.m; sourceTree = "<group>"; };
		D2011DF21CCF6D2B00BC1B14 /* Info.plist */ = {isa = PBXFileReference; lastKnownFileType = text.plist.xml; path = Info.plist; sourceTree = "<group>"; };
		D2011DF71CCF6D2B00BC1B14 /* AnYiAppFrameworkUITests.xctest */ = {isa = PBXFileReference; explicitFileType = wrapper.cfbundle; includeInIndex = 0; path = AnYiAppFrameworkUITests.xctest; sourceTree = BUILT_PRODUCTS_DIR; };
		D2011DFB1CCF6D2B00BC1B14 /* AnYiAppFrameworkUITests.m */ = {isa = PBXFileReference; lastKnownFileType = sourcecode.c.objc; path = AnYiAppFrameworkUITests.m; sourceTree = "<group>"; };
		D2011DFD1CCF6D2B00BC1B14 /* Info.plist */ = {isa = PBXFileReference; lastKnownFileType = text.plist.xml; path = Info.plist; sourceTree = "<group>"; };
		D2011E0F1CCF6F0E00BC1B14 /* UIImage+Image.h */ = {isa = PBXFileReference; fileEncoding = 4; lastKnownFileType = sourcecode.c.h; path = "UIImage+Image.h"; sourceTree = "<group>"; };
		D2011E101CCF6F0E00BC1B14 /* UIImage+Image.m */ = {isa = PBXFileReference; fileEncoding = 4; lastKnownFileType = sourcecode.c.objc; path = "UIImage+Image.m"; sourceTree = "<group>"; };
		D2011E161CCF72B500BC1B14 /* HXHomeViewController.h */ = {isa = PBXFileReference; fileEncoding = 4; lastKnownFileType = sourcecode.c.h; path = HXHomeViewController.h; sourceTree = "<group>"; };
		D2011E171CCF72B500BC1B14 /* HXHomeViewController.m */ = {isa = PBXFileReference; fileEncoding = 4; lastKnownFileType = sourcecode.c.objc; path = HXHomeViewController.m; sourceTree = "<group>"; };
		D2011E191CCF72EF00BC1B14 /* HXProductListViewController.h */ = {isa = PBXFileReference; fileEncoding = 4; lastKnownFileType = sourcecode.c.h; path = HXProductListViewController.h; sourceTree = "<group>"; };
		D2011E1A1CCF72EF00BC1B14 /* HXProductListViewController.m */ = {isa = PBXFileReference; fileEncoding = 4; lastKnownFileType = sourcecode.c.objc; path = HXProductListViewController.m; sourceTree = "<group>"; };
		D2011E1C1CCF72FE00BC1B14 /* HXProfileHomeViewController.h */ = {isa = PBXFileReference; fileEncoding = 4; lastKnownFileType = sourcecode.c.h; path = HXProfileHomeViewController.h; sourceTree = "<group>"; };
		D2011E1D1CCF72FE00BC1B14 /* HXProfileHomeViewController.m */ = {isa = PBXFileReference; fileEncoding = 4; lastKnownFileType = sourcecode.c.objc; path = HXProfileHomeViewController.m; sourceTree = "<group>"; };
		D2011E1F1CCF730900BC1B14 /* HXMoreViewController.h */ = {isa = PBXFileReference; fileEncoding = 4; lastKnownFileType = sourcecode.c.h; path = HXMoreViewController.h; sourceTree = "<group>"; };
		D2011E201CCF730900BC1B14 /* HXMoreViewController.m */ = {isa = PBXFileReference; fileEncoding = 4; lastKnownFileType = sourcecode.c.objc; path = HXMoreViewController.m; sourceTree = "<group>"; };
		D2011E7A1CD069FD00BC1B14 /* UIView+Frame.h */ = {isa = PBXFileReference; fileEncoding = 4; lastKnownFileType = sourcecode.c.h; path = "UIView+Frame.h"; sourceTree = "<group>"; };
		D2011E7B1CD069FD00BC1B14 /* UIView+Frame.m */ = {isa = PBXFileReference; fileEncoding = 4; lastKnownFileType = sourcecode.c.objc; path = "UIView+Frame.m"; sourceTree = "<group>"; };
		D2011E7F1CD0905F00BC1B14 /* HXBadgeView.h */ = {isa = PBXFileReference; fileEncoding = 4; lastKnownFileType = sourcecode.c.h; path = HXBadgeView.h; sourceTree = "<group>"; };
		D2011E801CD0905F00BC1B14 /* HXBadgeView.m */ = {isa = PBXFileReference; fileEncoding = 4; lastKnownFileType = sourcecode.c.objc; path = HXBadgeView.m; sourceTree = "<group>"; };
		D2011E811CD0905F00BC1B14 /* HXTabBar.h */ = {isa = PBXFileReference; fileEncoding = 4; lastKnownFileType = sourcecode.c.h; path = HXTabBar.h; sourceTree = "<group>"; };
		D2011E821CD0905F00BC1B14 /* HXTabBar.m */ = {isa = PBXFileReference; fileEncoding = 4; lastKnownFileType = sourcecode.c.objc; path = HXTabBar.m; sourceTree = "<group>"; };
		D2011E831CD0905F00BC1B14 /* HXTabBarButton.h */ = {isa = PBXFileReference; fileEncoding = 4; lastKnownFileType = sourcecode.c.h; path = HXTabBarButton.h; sourceTree = "<group>"; };
		D2011E841CD0905F00BC1B14 /* HXTabBarButton.m */ = {isa = PBXFileReference; fileEncoding = 4; lastKnownFileType = sourcecode.c.objc; path = HXTabBarButton.m; sourceTree = "<group>"; };
		D2011E851CD0905F00BC1B14 /* HXNavigationController.h */ = {isa = PBXFileReference; fileEncoding = 4; lastKnownFileType = sourcecode.c.h; path = HXNavigationController.h; sourceTree = "<group>"; };
		D2011E861CD0905F00BC1B14 /* HXNavigationController.m */ = {isa = PBXFileReference; fileEncoding = 4; lastKnownFileType = sourcecode.c.objc; path = HXNavigationController.m; sourceTree = "<group>"; };
		D2011E871CD0905F00BC1B14 /* HXTabBarController.h */ = {isa = PBXFileReference; fileEncoding = 4; lastKnownFileType = sourcecode.c.h; path = HXTabBarController.h; sourceTree = "<group>"; };
		D2011E881CD0905F00BC1B14 /* HXTabBarController.m */ = {isa = PBXFileReference; fileEncoding = 4; lastKnownFileType = sourcecode.c.objc; path = HXTabBarController.m; sourceTree = "<group>"; };
		D2B97E851CD7408B006D0E0F /* Podfile */ = {isa = PBXFileReference; fileEncoding = 4; lastKnownFileType = text; path = Podfile; sourceTree = "<group>"; };
		D2B97E881CD8435B006D0E0F /* HXDataService.h */ = {isa = PBXFileReference; fileEncoding = 4; lastKnownFileType = sourcecode.c.h; path = HXDataService.h; sourceTree = "<group>"; };
		D2B97E891CD8435B006D0E0F /* HXDataService.m */ = {isa = PBXFileReference; fileEncoding = 4; lastKnownFileType = sourcecode.c.objc; path = HXDataService.m; sourceTree = "<group>"; };
		D2B97E8B1CD847E9006D0E0F /* HengXin.pch */ = {isa = PBXFileReference; lastKnownFileType = sourcecode.c.h; path = HengXin.pch; sourceTree = "<group>"; };
		D2B97E8D1CD88A26006D0E0F /* HXHttpTool.h */ = {isa = PBXFileReference; fileEncoding = 4; lastKnownFileType = sourcecode.c.h; path = HXHttpTool.h; sourceTree = "<group>"; };
		D2B97E8E1CD88A26006D0E0F /* HXHttpTool.m */ = {isa = PBXFileReference; fileEncoding = 4; lastKnownFileType = sourcecode.c.objc; path = HXHttpTool.m; sourceTree = "<group>"; };
/* End PBXFileReference section */

/* Begin PBXFrameworksBuildPhase section */
		D2011DD01CCF6D2B00BC1B14 /* Frameworks */ = {
			isa = PBXFrameworksBuildPhase;
			buildActionMask = 2147483647;
			files = (
				F20B5640C32608D5FC99CFA5 /* libPods.a in Frameworks */,
			);
			runOnlyForDeploymentPostprocessing = 0;
		};
		D2011DE91CCF6D2B00BC1B14 /* Frameworks */ = {
			isa = PBXFrameworksBuildPhase;
			buildActionMask = 2147483647;
			files = (
			);
			runOnlyForDeploymentPostprocessing = 0;
		};
		D2011DF41CCF6D2B00BC1B14 /* Frameworks */ = {
			isa = PBXFrameworksBuildPhase;
			buildActionMask = 2147483647;
			files = (
			);
			runOnlyForDeploymentPostprocessing = 0;
		};
/* End PBXFrameworksBuildPhase section */

/* Begin PBXGroup section */
		1BD146ECD6ECF12301175465 /* Frameworks */ = {
			isa = PBXGroup;
			children = (
				56B9F77686CA1812576A44C0 /* libPods.a */,
			);
			name = Frameworks;
			sourceTree = "<group>";
		};
		D2011DCA1CCF6D2B00BC1B14 = {
			isa = PBXGroup;
			children = (
				D2B97E851CD7408B006D0E0F /* Podfile */,
				D2011DD51CCF6D2B00BC1B14 /* AnYiAppFramework */,
				D2011DEF1CCF6D2B00BC1B14 /* AnYiAppFrameworkTests */,
				D2011DFA1CCF6D2B00BC1B14 /* AnYiAppFrameworkUITests */,
				D2011DD41CCF6D2B00BC1B14 /* Products */,
				E61C0D3FB3D84DB2AF9AA875 /* Pods */,
				1BD146ECD6ECF12301175465 /* Frameworks */,
			);
			sourceTree = "<group>";
		};
		D2011DD41CCF6D2B00BC1B14 /* Products */ = {
			isa = PBXGroup;
			children = (
				D2011DD31CCF6D2B00BC1B14 /* AnYiAppFramework.app */,
				D2011DEC1CCF6D2B00BC1B14 /* AnYiAppFrameworkTests.xctest */,
				D2011DF71CCF6D2B00BC1B14 /* AnYiAppFrameworkUITests.xctest */,
			);
			name = Products;
			sourceTree = "<group>";
		};
		D2011DD51CCF6D2B00BC1B14 /* AnYiAppFramework */ = {
			isa = PBXGroup;
			children = (
				D2011E091CCF6DCA00BC1B14 /* AYAppFramework */,
				D2B97E871CD8432E006D0E0F /* Network */,
				D2011E0D1CCF6EEC00BC1B14 /* Other */,
				D2011DD91CCF6D2B00BC1B14 /* AppDelegate.h */,
				D2011DDA1CCF6D2B00BC1B14 /* AppDelegate.m */,
				D2011DDC1CCF6D2B00BC1B14 /* ViewController.h */,
				D2011DDD1CCF6D2B00BC1B14 /* ViewController.m */,
				D2011DDF1CCF6D2B00BC1B14 /* Main.storyboard */,
				D2011DE21CCF6D2B00BC1B14 /* Assets.xcassets */,
				D2011DE41CCF6D2B00BC1B14 /* LaunchScreen.storyboard */,
				D2011DE71CCF6D2B00BC1B14 /* Info.plist */,
				D2011DD61CCF6D2B00BC1B14 /* Supporting Files */,
			);
			path = AnYiAppFramework;
			sourceTree = "<group>";
		};
		D2011DD61CCF6D2B00BC1B14 /* Supporting Files */ = {
			isa = PBXGroup;
			children = (
				D2B97E8B1CD847E9006D0E0F /* HengXin.pch */,
				D2011DD71CCF6D2B00BC1B14 /* main.m */,
			);
			name = "Supporting Files";
			sourceTree = "<group>";
		};
		D2011DEF1CCF6D2B00BC1B14 /* AnYiAppFrameworkTests */ = {
			isa = PBXGroup;
			children = (
				D2011DF01CCF6D2B00BC1B14 /* AnYiAppFrameworkTests.m */,
				D2011DF21CCF6D2B00BC1B14 /* Info.plist */,
			);
			path = AnYiAppFrameworkTests;
			sourceTree = "<group>";
		};
		D2011DFA1CCF6D2B00BC1B14 /* AnYiAppFrameworkUITests */ = {
			isa = PBXGroup;
			children = (
				D2011DFB1CCF6D2B00BC1B14 /* AnYiAppFrameworkUITests.m */,
				D2011DFD1CCF6D2B00BC1B14 /* Info.plist */,
			);
			path = AnYiAppFrameworkUITests;
			sourceTree = "<group>";
		};
		D2011E091CCF6DCA00BC1B14 /* AYAppFramework */ = {
			isa = PBXGroup;
			children = (
				D2011E7D1CD0905F00BC1B14 /* AppTabFramework */,
			);
			path = AYAppFramework;
			sourceTree = "<group>";
		};
		D2011E0D1CCF6EEC00BC1B14 /* Other */ = {
			isa = PBXGroup;
			children = (
				D2011E0E1CCF6EEC00BC1B14 /* Category */,
			);
			path = Other;
			sourceTree = "<group>";
		};
		D2011E0E1CCF6EEC00BC1B14 /* Category */ = {
			isa = PBXGroup;
			children = (
				D2011E0F1CCF6F0E00BC1B14 /* UIImage+Image.h */,
				D2011E101CCF6F0E00BC1B14 /* UIImage+Image.m */,
				D2011E7A1CD069FD00BC1B14 /* UIView+Frame.h */,
				D2011E7B1CD069FD00BC1B14 /* UIView+Frame.m */,
			);
			path = Category;
			sourceTree = "<group>";
		};
		D2011E121CCF723400BC1B14 /* Home */ = {
			isa = PBXGroup;
			children = (
				D2011E161CCF72B500BC1B14 /* HXHomeViewController.h */,
				D2011E171CCF72B500BC1B14 /* HXHomeViewController.m */,
			);
			path = Home;
			sourceTree = "<group>";
		};
		D2011E131CCF723400BC1B14 /* More */ = {
			isa = PBXGroup;
			children = (
				D2011E1F1CCF730900BC1B14 /* HXMoreViewController.h */,
				D2011E201CCF730900BC1B14 /* HXMoreViewController.m */,
			);
			path = More;
			sourceTree = "<group>";
		};
		D2011E141CCF723400BC1B14 /* Product */ = {
			isa = PBXGroup;
			children = (
				D2011E191CCF72EF00BC1B14 /* HXProductListViewController.h */,
				D2011E1A1CCF72EF00BC1B14 /* HXProductListViewController.m */,
			);
			path = Product;
			sourceTree = "<group>";
		};
		D2011E151CCF723400BC1B14 /* Profile */ = {
			isa = PBXGroup;
			children = (
				D2011E1C1CCF72FE00BC1B14 /* HXProfileHomeViewController.h */,
				D2011E1D1CCF72FE00BC1B14 /* HXProfileHomeViewController.m */,
			);
			path = Profile;
			sourceTree = "<group>";
		};
		D2011E7D1CD0905F00BC1B14 /* AppTabFramework */ = {
			isa = PBXGroup;
			children = (
				D2011E7E1CD0905F00BC1B14 /* FrameworkView */,
				D2011E851CD0905F00BC1B14 /* HXNavigationController.h */,
				D2011E861CD0905F00BC1B14 /* HXNavigationController.m */,
				D2011E871CD0905F00BC1B14 /* HXTabBarController.h */,
				D2011E881CD0905F00BC1B14 /* HXTabBarController.m */,
				D2011E121CCF723400BC1B14 /* Home */,
				D2011E141CCF723400BC1B14 /* Product */,
				D2011E151CCF723400BC1B14 /* Profile */,
				D2011E131CCF723400BC1B14 /* More */,
			);
			path = AppTabFramework;
			sourceTree = "<group>";
		};
		D2011E7E1CD0905F00BC1B14 /* FrameworkView */ = {
			isa = PBXGroup;
			children = (
				D2011E7F1CD0905F00BC1B14 /* HXBadgeView.h */,
				D2011E801CD0905F00BC1B14 /* HXBadgeView.m */,
				D2011E811CD0905F00BC1B14 /* HXTabBar.h */,
				D2011E821CD0905F00BC1B14 /* HXTabBar.m */,
				D2011E831CD0905F00BC1B14 /* HXTabBarButton.h */,
				D2011E841CD0905F00BC1B14 /* HXTabBarButton.m */,
			);
			path = FrameworkView;
			sourceTree = "<group>";
		};
		D2B97E871CD8432E006D0E0F /* Network */ = {
			isa = PBXGroup;
			children = (
				D2B97E881CD8435B006D0E0F /* HXDataService.h */,
				D2B97E891CD8435B006D0E0F /* HXDataService.m */,
				D2B97E8C1CD88A26006D0E0F /* HttpTool */,
			);
			name = Network;
			path = AYAppFramework/Network;
			sourceTree = "<group>";
		};
		D2B97E8C1CD88A26006D0E0F /* HttpTool */ = {
			isa = PBXGroup;
			children = (
				D2B97E8D1CD88A26006D0E0F /* HXHttpTool.h */,
				D2B97E8E1CD88A26006D0E0F /* HXHttpTool.m */,
			);
			path = HttpTool;
			sourceTree = "<group>";
		};
		E61C0D3FB3D84DB2AF9AA875 /* Pods */ = {
			isa = PBXGroup;
			children = (
				37D82CC0A1AFD3850D075AC2 /* Pods.debug.xcconfig */,
				183CFD695FEE9D91920BCC43 /* Pods.release.xcconfig */,
			);
			name = Pods;
			sourceTree = "<group>";
		};
/* End PBXGroup section */

/* Begin PBXNativeTarget section */
		D2011DD21CCF6D2B00BC1B14 /* AnYiAppFramework */ = {
			isa = PBXNativeTarget;
			buildConfigurationList = D2011E001CCF6D2B00BC1B14 /* Build configuration list for PBXNativeTarget "AnYiAppFramework" */;
			buildPhases = (
				B39D50743F1C783B152A5D9C /* Check Pods Manifest.lock */,
				D2011DCF1CCF6D2B00BC1B14 /* Sources */,
				D2011DD01CCF6D2B00BC1B14 /* Frameworks */,
				D2011DD11CCF6D2B00BC1B14 /* Resources */,
				FD30016C3AE3ED1BD23CAEFA /* Embed Pods Frameworks */,
				EEF79E674170BFD38FEA01C9 /* Copy Pods Resources */,
			);
			buildRules = (
			);
			dependencies = (
			);
			name = AnYiAppFramework;
			productName = AnYiAppFramework;
			productReference = D2011DD31CCF6D2B00BC1B14 /* AnYiAppFramework.app */;
			productType = "com.apple.product-type.application";
		};
		D2011DEB1CCF6D2B00BC1B14 /* AnYiAppFrameworkTests */ = {
			isa = PBXNativeTarget;
			buildConfigurationList = D2011E031CCF6D2B00BC1B14 /* Build configuration list for PBXNativeTarget "AnYiAppFrameworkTests" */;
			buildPhases = (
				D2011DE81CCF6D2B00BC1B14 /* Sources */,
				D2011DE91CCF6D2B00BC1B14 /* Frameworks */,
				D2011DEA1CCF6D2B00BC1B14 /* Resources */,
			);
			buildRules = (
			);
			dependencies = (
				D2011DEE1CCF6D2B00BC1B14 /* PBXTargetDependency */,
			);
			name = AnYiAppFrameworkTests;
			productName = AnYiAppFrameworkTests;
			productReference = D2011DEC1CCF6D2B00BC1B14 /* AnYiAppFrameworkTests.xctest */;
			productType = "com.apple.product-type.bundle.unit-test";
		};
		D2011DF61CCF6D2B00BC1B14 /* AnYiAppFrameworkUITests */ = {
			isa = PBXNativeTarget;
			buildConfigurationList = D2011E061CCF6D2B00BC1B14 /* Build configuration list for PBXNativeTarget "AnYiAppFrameworkUITests" */;
			buildPhases = (
				D2011DF31CCF6D2B00BC1B14 /* Sources */,
				D2011DF41CCF6D2B00BC1B14 /* Frameworks */,
				D2011DF51CCF6D2B00BC1B14 /* Resources */,
			);
			buildRules = (
			);
			dependencies = (
				D2011DF91CCF6D2B00BC1B14 /* PBXTargetDependency */,
			);
			name = AnYiAppFrameworkUITests;
			productName = AnYiAppFrameworkUITests;
			productReference = D2011DF71CCF6D2B00BC1B14 /* AnYiAppFrameworkUITests.xctest */;
			productType = "com.apple.product-type.bundle.ui-testing";
		};
/* End PBXNativeTarget section */

/* Begin PBXProject section */
		D2011DCB1CCF6D2B00BC1B14 /* Project object */ = {
			isa = PBXProject;
			attributes = {
				LastUpgradeCheck = 0730;
				ORGANIZATIONNAME = "Insigma HengTian Software Ltd.";
				TargetAttributes = {
					D2011DD21CCF6D2B00BC1B14 = {
						CreatedOnToolsVersion = 7.3;
					};
					D2011DEB1CCF6D2B00BC1B14 = {
						CreatedOnToolsVersion = 7.3;
						TestTargetID = D2011DD21CCF6D2B00BC1B14;
					};
					D2011DF61CCF6D2B00BC1B14 = {
						CreatedOnToolsVersion = 7.3;
						TestTargetID = D2011DD21CCF6D2B00BC1B14;
					};
				};
			};
			buildConfigurationList = D2011DCE1CCF6D2B00BC1B14 /* Build configuration list for PBXProject "AnYiAppFramework" */;
			compatibilityVersion = "Xcode 3.2";
			developmentRegion = English;
			hasScannedForEncodings = 0;
			knownRegions = (
				en,
				Base,
			);
			mainGroup = D2011DCA1CCF6D2B00BC1B14;
			productRefGroup = D2011DD41CCF6D2B00BC1B14 /* Products */;
			projectDirPath = "";
			projectRoot = "";
			targets = (
				D2011DD21CCF6D2B00BC1B14 /* AnYiAppFramework */,
				D2011DEB1CCF6D2B00BC1B14 /* AnYiAppFrameworkTests */,
				D2011DF61CCF6D2B00BC1B14 /* AnYiAppFrameworkUITests */,
			);
		};
/* End PBXProject section */

/* Begin PBXResourcesBuildPhase section */
		D2011DD11CCF6D2B00BC1B14 /* Resources */ = {
			isa = PBXResourcesBuildPhase;
			buildActionMask = 2147483647;
			files = (
				D2011DE61CCF6D2B00BC1B14 /* LaunchScreen.storyboard in Resources */,
				D2011DE31CCF6D2B00BC1B14 /* Assets.xcassets in Resources */,
				D2B97E861CD7408B006D0E0F /* Podfile in Resources */,
				D2011DE11CCF6D2B00BC1B14 /* Main.storyboard in Resources */,
			);
			runOnlyForDeploymentPostprocessing = 0;
		};
		D2011DEA1CCF6D2B00BC1B14 /* Resources */ = {
			isa = PBXResourcesBuildPhase;
			buildActionMask = 2147483647;
			files = (
			);
			runOnlyForDeploymentPostprocessing = 0;
		};
		D2011DF51CCF6D2B00BC1B14 /* Resources */ = {
			isa = PBXResourcesBuildPhase;
			buildActionMask = 2147483647;
			files = (
			);
			runOnlyForDeploymentPostprocessing = 0;
		};
/* End PBXResourcesBuildPhase section */

/* Begin PBXShellScriptBuildPhase section */
		B39D50743F1C783B152A5D9C /* Check Pods Manifest.lock */ = {
			isa = PBXShellScriptBuildPhase;
			buildActionMask = 2147483647;
			files = (
			);
			inputPaths = (
			);
			name = "Check Pods Manifest.lock";
			outputPaths = (
			);
			runOnlyForDeploymentPostprocessing = 0;
			shellPath = /bin/sh;
			shellScript = "diff \"${PODS_ROOT}/../Podfile.lock\" \"${PODS_ROOT}/Manifest.lock\" > /dev/null\nif [[ $? != 0 ]] ; then\n    cat << EOM\nerror: The sandbox is not in sync with the Podfile.lock. Run 'pod install' or update your CocoaPods installation.\nEOM\n    exit 1\nfi\n";
			showEnvVarsInLog = 0;
		};
		EEF79E674170BFD38FEA01C9 /* Copy Pods Resources */ = {
			isa = PBXShellScriptBuildPhase;
			buildActionMask = 2147483647;
			files = (
			);
			inputPaths = (
			);
			name = "Copy Pods Resources";
			outputPaths = (
			);
			runOnlyForDeploymentPostprocessing = 0;
			shellPath = /bin/sh;
			shellScript = "\"${SRCROOT}/Pods/Target Support Files/Pods/Pods-resources.sh\"\n";
			showEnvVarsInLog = 0;
		};
		FD30016C3AE3ED1BD23CAEFA /* Embed Pods Frameworks */ = {
			isa = PBXShellScriptBuildPhase;
			buildActionMask = 2147483647;
			files = (
			);
			inputPaths = (
			);
			name = "Embed Pods Frameworks";
			outputPaths = (
			);
			runOnlyForDeploymentPostprocessing = 0;
			shellPath = /bin/sh;
			shellScript = "\"${SRCROOT}/Pods/Target Support Files/Pods/Pods-frameworks.sh\"\n";
			showEnvVarsInLog = 0;
		};
/* End PBXShellScriptBuildPhase section */

/* Begin PBXSourcesBuildPhase section */
		D2011DCF1CCF6D2B00BC1B14 /* Sources */ = {
			isa = PBXSourcesBuildPhase;
			buildActionMask = 2147483647;
			files = (
				D2011E8A1CD0905F00BC1B14 /* HXTabBar.m in Sources */,
				D2011E1E1CCF72FE00BC1B14 /* HXProfileHomeViewController.m in Sources */,
				D2011E1B1CCF72EF00BC1B14 /* HXProductListViewController.m in Sources */,
				D2011E8B1CD0905F00BC1B14 /* HXTabBarButton.m in Sources */,
				D2011DDE1CCF6D2B00BC1B14 /* ViewController.m in Sources */,
				D2B97E8F1CD88A26006D0E0F /* HXHttpTool.m in Sources */,
				D2B97E8A1CD8435B006D0E0F /* HXDataService.m in Sources */,
				D2011E211CCF730900BC1B14 /* HXMoreViewController.m in Sources */,
				D2011E8C1CD0905F00BC1B14 /* HXNavigationController.m in Sources */,
				D2011E181CCF72B500BC1B14 /* HXHomeViewController.m in Sources */,
				D2011E111CCF6F0E00BC1B14 /* UIImage+Image.m in Sources */,
				D2011DDB1CCF6D2B00BC1B14 /* AppDelegate.m in Sources */,
				D2011E7C1CD069FD00BC1B14 /* UIView+Frame.m in Sources */,
				D2011E891CD0905F00BC1B14 /* HXBadgeView.m in Sources */,
				D2011DD81CCF6D2B00BC1B14 /* main.m in Sources */,
				D2011E8D1CD0905F00BC1B14 /* HXTabBarController.m in Sources */,
			);
			runOnlyForDeploymentPostprocessing = 0;
		};
		D2011DE81CCF6D2B00BC1B14 /* Sources */ = {
			isa = PBXSourcesBuildPhase;
			buildActionMask = 2147483647;
			files = (
				D2011DF11CCF6D2B00BC1B14 /* AnYiAppFrameworkTests.m in Sources */,
			);
			runOnlyForDeploymentPostprocessing = 0;
		};
		D2011DF31CCF6D2B00BC1B14 /* Sources */ = {
			isa = PBXSourcesBuildPhase;
			buildActionMask = 2147483647;
			files = (
				D2011DFC1CCF6D2B00BC1B14 /* AnYiAppFrameworkUITests.m in Sources */,
			);
			runOnlyForDeploymentPostprocessing = 0;
		};
/* End PBXSourcesBuildPhase section */

/* Begin PBXTargetDependency section */
		D2011DEE1CCF6D2B00BC1B14 /* PBXTargetDependency */ = {
			isa = PBXTargetDependency;
			target = D2011DD21CCF6D2B00BC1B14 /* AnYiAppFramework */;
			targetProxy = D2011DED1CCF6D2B00BC1B14 /* PBXContainerItemProxy */;
		};
		D2011DF91CCF6D2B00BC1B14 /* PBXTargetDependency */ = {
			isa = PBXTargetDependency;
			target = D2011DD21CCF6D2B00BC1B14 /* AnYiAppFramework */;
			targetProxy = D2011DF81CCF6D2B00BC1B14 /* PBXContainerItemProxy */;
		};
/* End PBXTargetDependency section */

/* Begin PBXVariantGroup section */
		D2011DDF1CCF6D2B00BC1B14 /* Main.storyboard */ = {
			isa = PBXVariantGroup;
			children = (
				D2011DE01CCF6D2B00BC1B14 /* Base */,
			);
			name = Main.storyboard;
			sourceTree = "<group>";
		};
		D2011DE41CCF6D2B00BC1B14 /* LaunchScreen.storyboard */ = {
			isa = PBXVariantGroup;
			children = (
				D2011DE51CCF6D2B00BC1B14 /* Base */,
			);
			name = LaunchScreen.storyboard;
			sourceTree = "<group>";
		};
/* End PBXVariantGroup section */

/* Begin XCBuildConfiguration section */
		D2011DFE1CCF6D2B00BC1B14 /* Debug */ = {
			isa = XCBuildConfiguration;
			buildSettings = {
				ALWAYS_SEARCH_USER_PATHS = NO;
				CLANG_ANALYZER_NONNULL = YES;
				CLANG_CXX_LANGUAGE_STANDARD = "gnu++0x";
				CLANG_CXX_LIBRARY = "libc++";
				CLANG_ENABLE_MODULES = YES;
				CLANG_ENABLE_OBJC_ARC = YES;
				CLANG_WARN_BOOL_CONVERSION = YES;
				CLANG_WARN_CONSTANT_CONVERSION = YES;
				CLANG_WARN_DIRECT_OBJC_ISA_USAGE = YES_ERROR;
				CLANG_WARN_EMPTY_BODY = YES;
				CLANG_WARN_ENUM_CONVERSION = YES;
				CLANG_WARN_INT_CONVERSION = YES;
				CLANG_WARN_OBJC_ROOT_CLASS = YES_ERROR;
				CLANG_WARN_UNREACHABLE_CODE = YES;
				CLANG_WARN__DUPLICATE_METHOD_MATCH = YES;
				"CODE_SIGN_IDENTITY[sdk=iphoneos*]" = "iPhone Developer";
				COPY_PHASE_STRIP = NO;
				DEBUG_INFORMATION_FORMAT = dwarf;
				ENABLE_STRICT_OBJC_MSGSEND = YES;
				ENABLE_TESTABILITY = YES;
				GCC_C_LANGUAGE_STANDARD = gnu99;
				GCC_DYNAMIC_NO_PIC = NO;
				GCC_NO_COMMON_BLOCKS = YES;
				GCC_OPTIMIZATION_LEVEL = 0;
				GCC_PREPROCESSOR_DEFINITIONS = (
					"DEBUG=1",
					"$(inherited)",
				);
				GCC_WARN_64_TO_32_BIT_CONVERSION = YES;
				GCC_WARN_ABOUT_RETURN_TYPE = YES_ERROR;
				GCC_WARN_UNDECLARED_SELECTOR = YES;
				GCC_WARN_UNINITIALIZED_AUTOS = YES_AGGRESSIVE;
				GCC_WARN_UNUSED_FUNCTION = YES;
				GCC_WARN_UNUSED_VARIABLE = YES;
				IPHONEOS_DEPLOYMENT_TARGET = 9.3;
				MTL_ENABLE_DEBUG_INFO = YES;
				ONLY_ACTIVE_ARCH = YES;
				SDKROOT = iphoneos;
			};
			name = Debug;
		};
		D2011DFF1CCF6D2B00BC1B14 /* Release */ = {
			isa = XCBuildConfiguration;
			buildSettings = {
				ALWAYS_SEARCH_USER_PATHS = NO;
				CLANG_ANALYZER_NONNULL = YES;
				CLANG_CXX_LANGUAGE_STANDARD = "gnu++0x";
				CLANG_CXX_LIBRARY = "libc++";
				CLANG_ENABLE_MODULES = YES;
				CLANG_ENABLE_OBJC_ARC = YES;
				CLANG_WARN_BOOL_CONVERSION = YES;
				CLANG_WARN_CONSTANT_CONVERSION = YES;
				CLANG_WARN_DIRECT_OBJC_ISA_USAGE = YES_ERROR;
				CLANG_WARN_EMPTY_BODY = YES;
				CLANG_WARN_ENUM_CONVERSION = YES;
				CLANG_WARN_INT_CONVERSION = YES;
				CLANG_WARN_OBJC_ROOT_CLASS = YES_ERROR;
				CLANG_WARN_UNREACHABLE_CODE = YES;
				CLANG_WARN__DUPLICATE_METHOD_MATCH = YES;
				"CODE_SIGN_IDENTITY[sdk=iphoneos*]" = "iPhone Developer";
				COPY_PHASE_STRIP = NO;
				DEBUG_INFORMATION_FORMAT = "dwarf-with-dsym";
				ENABLE_NS_ASSERTIONS = NO;
				ENABLE_STRICT_OBJC_MSGSEND = YES;
				GCC_C_LANGUAGE_STANDARD = gnu99;
				GCC_NO_COMMON_BLOCKS = YES;
				GCC_WARN_64_TO_32_BIT_CONVERSION = YES;
				GCC_WARN_ABOUT_RETURN_TYPE = YES_ERROR;
				GCC_WARN_UNDECLARED_SELECTOR = YES;
				GCC_WARN_UNINITIALIZED_AUTOS = YES_AGGRESSIVE;
				GCC_WARN_UNUSED_FUNCTION = YES;
				GCC_WARN_UNUSED_VARIABLE = YES;
				IPHONEOS_DEPLOYMENT_TARGET = 9.3;
				MTL_ENABLE_DEBUG_INFO = NO;
				SDKROOT = iphoneos;
				VALIDATE_PRODUCT = YES;
			};
			name = Release;
		};
		D2011E011CCF6D2B00BC1B14 /* Debug */ = {
			isa = XCBuildConfiguration;
			baseConfigurationReference = 37D82CC0A1AFD3850D075AC2 /* Pods.debug.xcconfig */;
			buildSettings = {
				ASSETCATALOG_COMPILER_APPICON_NAME = AppIcon;
				GCC_PREFIX_HEADER = "$(SRCROOT)/AnYiAppFramework/HengXin.pch";
				INFOPLIST_FILE = AnYiAppFramework/Info.plist;
				LD_RUNPATH_SEARCH_PATHS = "$(inherited) @executable_path/Frameworks";
				PRODUCT_BUNDLE_IDENTIFIER = hengtiansoft.AnYiAppFramework;
				PRODUCT_NAME = "$(TARGET_NAME)";
			};
			name = Debug;
		};
		D2011E021CCF6D2B00BC1B14 /* Release */ = {
			isa = XCBuildConfiguration;
			baseConfigurationReference = 183CFD695FEE9D91920BCC43 /* Pods.release.xcconfig */;
			buildSettings = {
				ASSETCATALOG_COMPILER_APPICON_NAME = AppIcon;
				GCC_PREFIX_HEADER = "$(SRCROOT)/AnYiAppFramework/HengXin.pch";
				INFOPLIST_FILE = AnYiAppFramework/Info.plist;
				LD_RUNPATH_SEARCH_PATHS = "$(inherited) @executable_path/Frameworks";
				PRODUCT_BUNDLE_IDENTIFIER = hengtiansoft.AnYiAppFramework;
				PRODUCT_NAME = "$(TARGET_NAME)";
			};
			name = Release;
		};
		D2011E041CCF6D2B00BC1B14 /* Debug */ = {
			isa = XCBuildConfiguration;
			buildSettings = {
				BUNDLE_LOADER = "$(TEST_HOST)";
				INFOPLIST_FILE = AnYiAppFrameworkTests/Info.plist;
				LD_RUNPATH_SEARCH_PATHS = "$(inherited) @executable_path/Frameworks @loader_path/Frameworks";
				PRODUCT_BUNDLE_IDENTIFIER = hengtiansoft.AnYiAppFrameworkTests;
				PRODUCT_NAME = "$(TARGET_NAME)";
				TEST_HOST = "$(BUILT_PRODUCTS_DIR)/AnYiAppFramework.app/AnYiAppFramework";
			};
			name = Debug;
		};
		D2011E051CCF6D2B00BC1B14 /* Release */ = {
			isa = XCBuildConfiguration;
			buildSettings = {
				BUNDLE_LOADER = "$(TEST_HOST)";
				INFOPLIST_FILE = AnYiAppFrameworkTests/Info.plist;
				LD_RUNPATH_SEARCH_PATHS = "$(inherited) @executable_path/Frameworks @loader_path/Frameworks";
				PRODUCT_BUNDLE_IDENTIFIER = hengtiansoft.AnYiAppFrameworkTests;
				PRODUCT_NAME = "$(TARGET_NAME)";
				TEST_HOST = "$(BUILT_PRODUCTS_DIR)/AnYiAppFramework.app/AnYiAppFramework";
			};
			name = Release;
		};
		D2011E071CCF6D2B00BC1B14 /* Debug */ = {
			isa = XCBuildConfiguration;
			buildSettings = {
				INFOPLIST_FILE = AnYiAppFrameworkUITests/Info.plist;
				LD_RUNPATH_SEARCH_PATHS = "$(inherited) @executable_path/Frameworks @loader_path/Frameworks";
				PRODUCT_BUNDLE_IDENTIFIER = hengtiansoft.AnYiAppFrameworkUITests;
				PRODUCT_NAME = "$(TARGET_NAME)";
				TEST_TARGET_NAME = AnYiAppFramework;
			};
			name = Debug;
		};
		D2011E081CCF6D2B00BC1B14 /* Release */ = {
			isa = XCBuildConfiguration;
			buildSettings = {
				INFOPLIST_FILE = AnYiAppFrameworkUITests/Info.plist;
				LD_RUNPATH_SEARCH_PATHS = "$(inherited) @executable_path/Frameworks @loader_path/Frameworks";
				PRODUCT_BUNDLE_IDENTIFIER = hengtiansoft.AnYiAppFrameworkUITests;
				PRODUCT_NAME = "$(TARGET_NAME)";
				TEST_TARGET_NAME = AnYiAppFramework;
			};
			name = Release;
		};
/* End XCBuildConfiguration section */

/* Begin XCConfigurationList section */
		D2011DCE1CCF6D2B00BC1B14 /* Build configuration list for PBXProject "AnYiAppFramework" */ = {
			isa = XCConfigurationList;
			buildConfigurations = (
				D2011DFE1CCF6D2B00BC1B14 /* Debug */,
				D2011DFF1CCF6D2B00BC1B14 /* Release */,
			);
			defaultConfigurationIsVisible = 0;
			defaultConfigurationName = Release;
		};
		D2011E001CCF6D2B00BC1B14 /* Build configuration list for PBXNativeTarget "AnYiAppFramework" */ = {
			isa = XCConfigurationList;
			buildConfigurations = (
				D2011E011CCF6D2B00BC1B14 /* Debug */,
				D2011E021CCF6D2B00BC1B14 /* Release */,
			);
			defaultConfigurationIsVisible = 0;
			defaultConfigurationName = Release;
		};
		D2011E031CCF6D2B00BC1B14 /* Build configuration list for PBXNativeTarget "AnYiAppFrameworkTests" */ = {
			isa = XCConfigurationList;
			buildConfigurations = (
				D2011E041CCF6D2B00BC1B14 /* Debug */,
				D2011E051CCF6D2B00BC1B14 /* Release */,
			);
			defaultConfigurationIsVisible = 0;
			defaultConfigurationName = Release;
		};
		D2011E061CCF6D2B00BC1B14 /* Build configuration list for PBXNativeTarget "AnYiAppFrameworkUITests" */ = {
			isa = XCConfigurationList;
			buildConfigurations = (
				D2011E071CCF6D2B00BC1B14 /* Debug */,
				D2011E081CCF6D2B00BC1B14 /* Release */,
			);
			defaultConfigurationIsVisible = 0;
			defaultConfigurationName = Release;
		};
/* End XCConfigurationList section */
	};
	rootObject = D2011DCB1CCF6D2B00BC1B14 /* Project object */;
}
